
Microsoft Visual Studio Solution File, Format Version 12.00
# Visual Studio Version 17
VisualStudioVersion = 17.14.37301.10 d17.14
MinimumVisualStudioVersion = 10.0.40219.1
Project("{FAE04EC0-301F-11D3-BF4B-00C04F79EFBC}") = "Nhom11_Unit_test", "Nhom11_Unit_test\Nhom11_Unit_test.csproj", "{BBFDB411-69B7-4F57-9B83-5B1284B74BE9}"
EndProject
Global
	GlobalSection(SolutionConfigurationPlatforms) = preSolution
		Debug|Any CPU = Debug|Any CPU
		Release|Any CPU = Release|Any CPU
	EndGlobalSection
	GlobalSection(ProjectConfigurationPlatforms) = postSolution
		{BBFDB411-69B7-4F57-9B83-5B1284B74BE9}.Debug|Any CPU.ActiveCfg = Debug|Any CPU
		{BBFDB411-69B7-4F57-9B83-5B1284B74BE9}.Debug|Any CPU.Build.0 = Debug|Any CPU
		{BBFDB411-69B7-4F57-9B83-5B1284B74BE9}.Release|Any CPU.ActiveCfg = Release|Any CPU
		{BBFDB411-69B7-4F57-9B83-5B1284B74BE9}.Release|Any CPU.Build.0 = Release|Any CPU
	EndGlobalSection
	GlobalSection(SolutionProperties) = preSolution
		HideSolutionNode = FALSE
	EndGlobalSection
	GlobalSection(ExtensibilityGlobals) = postSolution
		SolutionGuid = {7FEB52D3-444F-4404-B54C-67B80931FEB4}
	EndGlobalSection
EndGlobal
