
Microsoft Visual Studio Solution File, Format Version 12.00
# Visual Studio Version 17
VisualStudioVersion = 17.14.37301.10 d17.14
MinimumVisualStudioVersion = 10.0.40219.1
Project("{FAE04EC0-301F-11D3-BF4B-00C04F79EFBC}") = "SELENIUM_TV5", "SELENIUM_TV5\SELENIUM_TV5.csproj", "{4541D499-017E-4B56-8287-24C5BE052849}"
EndProject
Global
	GlobalSection(SolutionConfigurationPlatforms) = preSolution
		Debug|Any CPU = Debug|Any CPU
		Release|Any CPU = Release|Any CPU
	EndGlobalSection
	GlobalSection(ProjectConfigurationPlatforms) = postSolution
		{4541D499-017E-4B56-8287-24C5BE052849}.Debug|Any CPU.ActiveCfg = Debug|Any CPU
		{4541D499-017E-4B56-8287-24C5BE052849}.Debug|Any CPU.Build.0 = Debug|Any CPU
		{4541D499-017E-4B56-8287-24C5BE052849}.Release|Any CPU.ActiveCfg = Release|Any CPU
		{4541D499-017E-4B56-8287-24C5BE052849}.Release|Any CPU.Build.0 = Release|Any CPU
	EndGlobalSection
	GlobalSection(SolutionProperties) = preSolution
		HideSolutionNode = FALSE
	EndGlobalSection
	GlobalSection(ExtensibilityGlobals) = postSolution
		SolutionGuid = {B2D4E408-4D16-4CD1-AEFC-D181B359FC47}
	EndGlobalSection
EndGlobal
